// !$*UTF8*$!
{
	archiveVersion = 1;
	classes = {
	};
	objectVersion = 55;
	objects = {

/* Begin PBXBuildFile section */
		423D79EB27F4E06100761442 /* AppDelegate.swift in Sources */ = {isa = PBXBuildFile; fileRef = 423D79EA27F4E06100761442 /* AppDelegate.swift */; };
		423D79ED27F4E06100761442 /* SceneDelegate.swift in Sources */ = {isa = PBXBuildFile; fileRef = 423D79EC27F4E06100761442 /* SceneDelegate.swift */; };
		423D79EF27F4E06100761442 /* ToDolistViewController.swift in Sources */ = {isa = PBXBuildFile; fileRef = 423D79EE27F4E06100761442 /* ToDolistViewController.swift */; };
		423D79F227F4E06100761442 /* Main.storyboard in Resources */ = {isa = PBXBuildFile; fileRef = 423D79F027F4E06100761442 /* Main.storyboard */; };
		423D79F427F4E06300761442 /* Assets.xcassets in Resources */ = {isa = PBXBuildFile; fileRef = 423D79F327F4E06300761442 /* Assets.xcassets */; };
		423D79F727F4E06300761442 /* LaunchScreen.storyboard in Resources */ = {isa = PBXBuildFile; fileRef = 423D79F527F4E06300761442 /* LaunchScreen.storyboard */; };
		423D7A0127F4E38000761442 /* ToDoCell.swift in Sources */ = {isa = PBXBuildFile; fileRef = 423D79FF27F4E38000761442 /* ToDoCell.swift */; };
		423D7A0227F4E38000761442 /* ToDoCell.xib in Resources */ = {isa = PBXBuildFile; fileRef = 423D7A0027F4E38000761442 /* ToDoCell.xib */; };
		4266812527FC9E390095456F /* Item.swift in Sources */ = {isa = PBXBuildFile; fileRef = 4266812427FC9E390095456F /* Item.swift */; };
/* End PBXBuildFile section */

/* Begin PBXFileReference section */
		423D79E727F4E06100761442 /* Todome.app */ = {isa = PBXFileReference; explicitFileType = wrapper.application; includeInIndex = 0; path = Todome.app; sourceTree = BUILT_PRODUCTS_DIR; };
		423D79EA27F4E06100761442 /* AppDelegate.swift */ = {isa = PBXFileReference; lastKnownFileType = sourcecode.swift; path = AppDelegate.swift; sourceTree = "<group>"; };
		423D79EC27F4E06100761442 /* SceneDelegate.swift */ = {isa = PBXFileReference; lastKnownFileType = sourcecode.swift; path = SceneDelegate.swift; sourceTree = "<group>"; };
		423D79EE27F4E06100761442 /* ToDolistViewController.swift */ = {isa = PBXFileReference; lastKnownFileType = sourcecode.swift; path = ToDolistViewController.swift; sourceTree = "<group>"; };
		423D79F127F4E06100761442 /* Base */ = {isa = PBXFileReference; lastKnownFileType = file.storyboard; name = Base; path = Base.lproj/Main.storyboard; sourceTree = "<group>"; };
		423D79F327F4E06300761442 /* Assets.xcassets */ = {isa = PBXFileReference; lastKnownFileType = folder.assetcatalog; path = Assets.xcassets; sourceTree = "<group>"; };
		423D79F627F4E06300761442 /* Base */ = {isa = PBXFileReference; lastKnownFileType = file.storyboard; name = Base; path = Base.lproj/LaunchScreen.storyboard; sourceTree = "<group>"; };
		423D79F827F4E06300761442 /* Info.plist */ = {isa = PBXFileReference; lastKnownFileType = text.plist.xml; path = Info.plist; sourceTree = "<group>"; };
		423D79FF27F4E38000761442 /* ToDoCell.swift */ = {isa = PBXFileReference; lastKnownFileType = sourcecode.swift; path = ToDoCell.swift; sourceTree = "<group>"; };
		423D7A0027F4E38000761442 /* ToDoCell.xib */ = {isa = PBXFileReference; lastKnownFileType = file.xib; path = ToDoCell.xib; sourceTree = "<group>"; };
		4266812427FC9E390095456F /* Item.swift */ = {isa = PBXFileReference; lastKnownFileType = sourcecode.swift; path = Item.swift; sourceTree = "<group>"; };
/* End PBXFileReference section */

/* Begin PBXFrameworksBuildPhase section */
		423D79E427F4E06100761442 /* Frameworks */ = {
			isa = PBXFrameworksBuildPhase;
			buildActionMask = 2147483647;
			files = (
			);
			runOnlyForDeploymentPostprocessing = 0;
		};
/* End PBXFrameworksBuildPhase section */

/* Begin PBXGroup section */
		423D79DE27F4E06100761442 = {
			isa = PBXGroup;
			children = (
				423D79E927F4E06100761442 /* Todome */,
				423D79E827F4E06100761442 /* Products */,
			);
			sourceTree = "<group>";
		};
		423D79E827F4E06100761442 /* Products */ = {
			isa = PBXGroup;
			children = (
				423D79E727F4E06100761442 /* Todome.app */,
			);
			name = Products;
			sourceTree = "<group>";
		};
		423D79E927F4E06100761442 /* Todome */ = {
			isa = PBXGroup;
			children = (
				423D79FE27F4E34500761442 /* View */,
				423D79EA27F4E06100761442 /* AppDelegate.swift */,
				423D79EC27F4E06100761442 /* SceneDelegate.swift */,
				4266812627FC9E4E0095456F /* Model */,
				4266812727FC9E5E0095456F /* Controllers */,
				423D79F027F4E06100761442 /* Main.storyboard */,
				423D79F327F4E06300761442 /* Assets.xcassets */,
				423D79F527F4E06300761442 /* LaunchScreen.storyboard */,
				423D79F827F4E06300761442 /* Info.plist */,
			);
			path = Todome;
			sourceTree = "<group>";
		};
		423D79FE27F4E34500761442 /* View */ = {
			isa = PBXGroup;
			children = (
				423D79FF27F4E38000761442 /* ToDoCell.swift */,
				423D7A0027F4E38000761442 /* ToDoCell.xib */,
			);
			path = View;
			sourceTree = "<group>";
		};
		4266812627FC9E4E0095456F /* Model */ = {
			isa = PBXGroup;
			children = (
				4266812427FC9E390095456F /* Item.swift */,
			);
			path = Model;
			sourceTree = "<group>";
		};
		4266812727FC9E5E0095456F /* Controllers */ = {
			isa = PBXGroup;
			children = (
				423D79EE27F4E06100761442 /* ToDolistViewController.swift */,
			);
			path = Controllers;
			sourceTree = "<group>";
		};
/* End PBXGroup section */

/* Begin PBXNativeTarget section */
		423D79E627F4E06100761442 /* Todome */ = {
			isa = PBXNativeTarget;
			buildConfigurationList = 423D79FB27F4E06300761442 /* Build configuration list for PBXNativeTarget "Todome" */;
			buildPhases = (
				423D79E327F4E06100761442 /* Sources */,
				423D79E427F4E06100761442 /* Frameworks */,
				423D79E527F4E06100761442 /* Resources */,
			);
			buildRules = (
			);
			dependencies = (
			);
			name = Todome;
			productName = Todome;
			productReference = 423D79E727F4E06100761442 /* Todome.app */;
			productType = "com.apple.product-type.application";
		};
/* End PBXNativeTarget section */

/* Begin PBXProject section */
		423D79DF27F4E06100761442 /* Project object */ = {
			isa = PBXProject;
			attributes = {
				BuildIndependentTargetsInParallel = 1;
				LastSwiftUpdateCheck = 1310;
				LastUpgradeCheck = 1310;
				TargetAttributes = {
					423D79E627F4E06100761442 = {
						CreatedOnToolsVersion = 13.1;
					};
				};
			};
			buildConfigurationList = 423D79E227F4E06100761442 /* Build configuration list for PBXProject "Todome" */;
			compatibilityVersion = "Xcode 13.0";
			developmentRegion = en;
			hasScannedForEncodings = 0;
			knownRegions = (
				en,
				Base,
			);
			mainGroup = 423D79DE27F4E06100761442;
			productRefGroup = 423D79E827F4E06100761442 /* Products */;
			projectDirPath = "";
			projectRoot = "";
			targets = (
				423D79E627F4E06100761442 /* Todome */,
			);
		};
/* End PBXProject section */

/* Begin PBXResourcesBuildPhase section */
		423D79E527F4E06100761442 /* Resources */ = {
			isa = PBXResourcesBuildPhase;
			buildActionMask = 2147483647;
			files = (
				423D79F727F4E06300761442 /* LaunchScreen.storyboard in Resources */,
				423D79F427F4E06300761442 /* Assets.xcassets in Resources */,
				423D79F227F4E06100761442 /* Main.storyboard in Resources */,
				423D7A0227F4E38000761442 /* ToDoCell.xib in Resources */,
			);
			runOnlyForDeploymentPostprocessing = 0;
		};
/* End PBXResourcesBuildPhase section */

/* Begin PBXSourcesBuildPhase section */
		423D79E327F4E06100761442 /* Sources */ = {
			isa = PBXSourcesBuildPhase;
			buildActionMask = 2147483647;
			files = (
				4266812527FC9E390095456F /* Item.swift in Sources */,
				423D79EF27F4E06100761442 /* ToDolistViewController.swift in Sources */,
				423D79EB27F4E06100761442 /* AppDelegate.swift in Sources */,
				423D79ED27F4E06100761442 /* SceneDelegate.swift in Sources */,
				423D7A0127F4E38000761442 /* ToDoCell.swift in Sources */,
			);
			runOnlyForDeploymentPostprocessing = 0;
		};
/* End PBXSourcesBuildPhase section */

/* Begin PBXVariantGroup section */
		423D79F027F4E06100761442 /* Main.storyboard */ = {
			isa = PBXVariantGroup;
			children = (
				423D79F127F4E06100761442 /* Base */,
			);
			name = Main.storyboard;
			sourceTree = "<group>";
		};
		423D79F527F4E06300761442 /* LaunchScreen.storyboard */ = {
			isa = PBXVariantGroup;
			children = (
				423D79F627F4E06300761442 /* Base */,
			);
			name = LaunchScreen.storyboard;
			sourceTree = "<group>";
		};
/* End PBXVariantGroup section */

/* Begin XCBuildConfiguration section */
		423D79F927F4E06300761442 /* Debug */ = {
			isa = XCBuildConfiguration;
			buildSettings = {
				ALWAYS_SEARCH_USER_PATHS = NO;
				CLANG_ANALYZER_NONNULL = YES;
				CLANG_ANALYZER_NUMBER_OBJECT_CONVERSION = YES_AGGRESSIVE;
				CLANG_CXX_LANGUAGE_STANDARD = "gnu++17";
				CLANG_CXX_LIBRARY = "libc++";
				CLANG_ENABLE_MODULES = YES;
				CLANG_ENABLE_OBJC_ARC = YES;
				CLANG_ENABLE_OBJC_WEAK = YES;
				CLANG_WARN_BLOCK_CAPTURE_AUTORELEASING = YES;
				CLANG_WARN_BOOL_CONVERSION = YES;
				CLANG_WARN_COMMA = YES;
				CLANG_WARN_CONSTANT_CONVERSION = YES;
				CLANG_WARN_DEPRECATED_OBJC_IMPLEMENTATIONS = YES;
				CLANG_WARN_DIRECT_OBJC_ISA_USAGE = YES_ERROR;
				CLANG_WARN_DOCUMENTATION_COMMENTS = YES;
				CLANG_WARN_EMPTY_BODY = YES;
				CLANG_WARN_ENUM_CONVERSION = YES;
				CLANG_WARN_INFINITE_RECURSION = YES;
				CLANG_WARN_INT_CONVERSION = YES;
				CLANG_WARN_NON_LITERAL_NULL_CONVERSION = YES;
				CLANG_WARN_OBJC_IMPLICIT_RETAIN_SELF = YES;
				CLANG_WARN_OBJC_LITERAL_CONVERSION = YES;
				CLANG_WARN_OBJC_ROOT_CLASS = YES_ERROR;
				CLANG_WARN_QUOTED_INCLUDE_IN_FRAMEWORK_HEADER = YES;
				CLANG_WARN_RANGE_LOOP_ANALYSIS = YES;
				CLANG_WARN_STRICT_PROTOTYPES = YES;
				CLANG_WARN_SUSPICIOUS_MOVE = YES;
				CLANG_WARN_UNGUARDED_AVAILABILITY = YES_AGGRESSIVE;
				CLANG_WARN_UNREACHABLE_CODE = YES;
				CLANG_WARN__DUPLICATE_METHOD_MATCH = YES;
				COPY_PHASE_STRIP = NO;
				DEBUG_INFORMATION_FORMAT = dwarf;
				ENABLE_STRICT_OBJC_MSGSEND = YES;
				ENABLE_TESTABILITY = YES;
				GCC_C_LANGUAGE_STANDARD = gnu11;
				GCC_DYNAMIC_NO_PIC = NO;
				GCC_NO_COMMON_BLOCKS = YES;
				GCC_OPTIMIZATION_LEVEL = 0;
				GCC_PREPROCESSOR_DEFINITIONS = (
					"DEBUG=1",
					"$(inherited)",
				);
				GCC_WARN_64_TO_32_BIT_CONVERSION = YES;
				GCC_WARN_ABOUT_RETURN_TYPE = YES_ERROR;
				GCC_WARN_UNDECLARED_SELECTOR = YES;
				GCC_WARN_UNINITIALIZED_AUTOS = YES_AGGRESSIVE;
				GCC_WARN_UNUSED_FUNCTION = YES;
				GCC_WARN_UNUSED_VARIABLE = YES;
				IPHONEOS_DEPLOYMENT_TARGET = 13.0;
				MTL_ENABLE_DEBUG_INFO = INCLUDE_SOURCE;
				MTL_FAST_MATH = YES;
				ONLY_ACTIVE_ARCH = YES;
				SDKROOT = iphoneos;
				SWIFT_ACTIVE_COMPILATION_CONDITIONS = DEBUG;
				SWIFT_OPTIMIZATION_LEVEL = "-Onone";
			};
			name = Debug;
		};
		423D79FA27F4E06300761442 /* Release */ = {
			isa = XCBuildConfiguration;
			buildSettings = {
				ALWAYS_SEARCH_USER_PATHS = NO;
				CLANG_ANALYZER_NONNULL = YES;
				CLANG_ANALYZER_NUMBER_OBJECT_CONVERSION = YES_AGGRESSIVE;
				CLANG_CXX_LANGUAGE_STANDARD = "gnu++17";
				CLANG_CXX_LIBRARY = "libc++";
				CLANG_ENABLE_MODULES = YES;
				CLANG_ENABLE_OBJC_ARC = YES;
				CLANG_ENABLE_OBJC_WEAK = YES;
				CLANG_WARN_BLOCK_CAPTURE_AUTORELEASING = YES;
				CLANG_WARN_BOOL_CONVERSION = YES;
				CLANG_WARN_COMMA = YES;
				CLANG_WARN_CONSTANT_CONVERSION = YES;
				CLANG_WARN_DEPRECATED_OBJC_IMPLEMENTATIONS = YES;
				CLANG_WARN_DIRECT_OBJC_ISA_USAGE = YES_ERROR;
				CLANG_WARN_DOCUMENTATION_COMMENTS = YES;
				CLANG_WARN_EMPTY_BODY = YES;
				CLANG_WARN_ENUM_CONVERSION = YES;
				CLANG_WARN_INFINITE_RECURSION = YES;
				CLANG_WARN_INT_CONVERSION = YES;
				CLANG_WARN_NON_LITERAL_NULL_CONVERSION = YES;
				CLANG_WARN_OBJC_IMPLICIT_RETAIN_SELF = YES;
				CLANG_WARN_OBJC_LITERAL_CONVERSION = YES;
				CLANG_WARN_OBJC_ROOT_CLASS = YES_ERROR;
				CLANG_WARN_QUOTED_INCLUDE_IN_FRAMEWORK_HEADER = YES;
				CLANG_WARN_RANGE_LOOP_ANALYSIS = YES;
				CLANG_WARN_STRICT_PROTOTYPES = YES;
				CLANG_WARN_SUSPICIOUS_MOVE = YES;
				CLANG_WARN_UNGUARDED_AVAILABILITY = YES_AGGRESSIVE;
				CLANG_WARN_UNREACHABLE_CODE = YES;
				CLANG_WARN__DUPLICATE_METHOD_MATCH = YES;
				COPY_PHASE_STRIP = NO;
				DEBUG_INFORMATION_FORMAT = "dwarf-with-dsym";
				ENABLE_NS_ASSERTIONS = NO;
				ENABLE_STRICT_OBJC_MSGSEND = YES;
				GCC_C_LANGUAGE_STANDARD = gnu11;
				GCC_NO_COMMON_BLOCKS = YES;
				GCC_WARN_64_TO_32_BIT_CONVERSION = YES;
				GCC_WARN_ABOUT_RETURN_TYPE = YES_ERROR;
				GCC_WARN_UNDECLARED_SELECTOR = YES;
				GCC_WARN_UNINITIALIZED_AUTOS = YES_AGGRESSIVE;
				GCC_WARN_UNUSED_FUNCTION = YES;
				GCC_WARN_UNUSED_VARIABLE = YES;
				IPHONEOS_DEPLOYMENT_TARGET = 13.0;
				MTL_ENABLE_DEBUG_INFO = NO;
				MTL_FAST_MATH = YES;
				SDKROOT = iphoneos;
				SWIFT_COMPILATION_MODE = wholemodule;
				SWIFT_OPTIMIZATION_LEVEL = "-O";
				VALIDATE_PRODUCT = YES;
			};
			name = Release;
		};
		423D79FC27F4E06300761442 /* Debug */ = {
			isa = XCBuildConfiguration;
			buildSettings = {
				ASSETCATALOG_COMPILER_APPICON_NAME = AppIcon;
				ASSETCATALOG_COMPILER_GLOBAL_ACCENT_COLOR_NAME = AccentColor;
				CODE_SIGN_STYLE = Automatic;
				CURRENT_PROJECT_VERSION = 1;
				DEVELOPMENT_TEAM = 3PVRW477K7;
				GENERATE_INFOPLIST_FILE = YES;
				INFOPLIST_FILE = Todome/Info.plist;
				INFOPLIST_KEY_UIApplicationSupportsIndirectInputEvents = YES;
				INFOPLIST_KEY_UILaunchStoryboardName = LaunchScreen;
				INFOPLIST_KEY_UIMainStoryboardFile = Main;
				INFOPLIST_KEY_UISupportedInterfaceOrientations_iPad = "UIInterfaceOrientationPortrait UIInterfaceOrientationPortraitUpsideDown UIInterfaceOrientationLandscapeLeft UIInterfaceOrientationLandscapeRight";
				INFOPLIST_KEY_UISupportedInterfaceOrientations_iPhone = "UIInterfaceOrientationPortrait UIInterfaceOrientationLandscapeLeft UIInterfaceOrientationLandscapeRight";
				LD_RUNPATH_SEARCH_PATHS = (
					"$(inherited)",
					"@executable_path/Frameworks",
				);
				MARKETING_VERSION = 1.0;
				PRODUCT_BUNDLE_IDENTIFIER = AAjr.Todome;
				PRODUCT_NAME = "$(TARGET_NAME)";
				SWIFT_EMIT_LOC_STRINGS = YES;
				SWIFT_VERSION = 5.0;
				TARGETED_DEVICE_FAMILY = "1,2";
			};
			name = Debug;
		};
		423D79FD27F4E06300761442 /* Release */ = {
			isa = XCBuildConfiguration;
			buildSettings = {
				ASSETCATALOG_COMPILER_APPICON_NAME = AppIcon;
				ASSETCATALOG_COMPILER_GLOBAL_ACCENT_COLOR_NAME = AccentColor;
				CODE_SIGN_STYLE = Automatic;
				CURRENT_PROJECT_VERSION = 1;
				DEVELOPMENT_TEAM = 3PVRW477K7;
				GENERATE_INFOPLIST_FILE = YES;
				INFOPLIST_FILE = Todome/Info.plist;
				INFOPLIST_KEY_UIApplicationSupportsIndirectInputEvents = YES;
				INFOPLIST_KEY_UILaunchStoryboardName = LaunchScreen;
				INFOPLIST_KEY_UIMainStoryboardFile = Main;
				INFOPLIST_KEY_UISupportedInterfaceOrientations_iPad = "UIInterfaceOrientationPortrait UIInterfaceOrientationPortraitUpsideDown UIInterfaceOrientationLandscapeLeft UIInterfaceOrientationLandscapeRight";
				INFOPLIST_KEY_UISupportedInterfaceOrientations_iPhone = "UIInterfaceOrientationPortrait UIInterfaceOrientationLandscapeLeft UIInterfaceOrientationLandscapeRight";
				LD_RUNPATH_SEARCH_PATHS = (
					"$(inherited)",
					"@executable_path/Frameworks",
				);
				MARKETING_VERSION = 1.0;
				PRODUCT_BUNDLE_IDENTIFIER = AAjr.Todome;
				PRODUCT_NAME = "$(TARGET_NAME)";
				SWIFT_EMIT_LOC_STRINGS = YES;
				SWIFT_VERSION = 5.0;
				TARGETED_DEVICE_FAMILY = "1,2";
			};
			name = Release;
		};
/* End XCBuildConfiguration section */

/* Begin XCConfigurationList section */
		423D79E227F4E06100761442 /* Build configuration list for PBXProject "Todome" */ = {
			isa = XCConfigurationList;
			buildConfigurations = (
				423D79F927F4E06300761442 /* Debug */,
				423D79FA27F4E06300761442 /* Release */,
			);
			defaultConfigurationIsVisible = 0;
			defaultConfigurationName = Release;
		};
		423D79FB27F4E06300761442 /* Build configuration list for PBXNativeTarget "Todome" */ = {
			isa = XCConfigurationList;
			buildConfigurations = (
				423D79FC27F4E06300761442 /* Debug */,
				423D79FD27F4E06300761442 /* Release */,
			);
			defaultConfigurationIsVisible = 0;
			defaultConfigurationName = Release;
		};
/* End XCConfigurationList section */
	};
	rootObject = 423D79DF27F4E06100761442 /* Project object */;
}
